
Microsoft Visual Studio Solution File, Format Version 12.00
# Visual Studio Version 16
VisualStudioVersion = 16.0.30309.148
MinimumVisualStudioVersion = 10.0.40219.1
Project("{9A19103F-16F7-4668-BE54-9A1E7A4F7556}") = "API", "API\API.csproj", "{F2EA019F-20BF-473C-96BD-6E534333D2A5}"
EndProject
Project("{9A19103F-16F7-4668-BE54-9A1E7A4F7556}") = "InfraStructure", "InfraStructure\InfraStructure.csproj", "{34347346-575F-4F1D-A315-8A37C10D8775}"
EndProject
Project("{FAE04EC0-301F-11D3-BF4B-00C04F79EFBC}") = "Core", "Core\Core.csproj", "{B2AD6680-F522-43B0-9D54-29B0328DA5E0}"
EndProject
Global
	GlobalSection(SolutionConfigurationPlatforms) = preSolution
		Debug|Any CPU = Debug|Any CPU
		Release|Any CPU = Release|Any CPU
	EndGlobalSection
	GlobalSection(ProjectConfigurationPlatforms) = postSolution
		{F2EA019F-20BF-473C-96BD-6E534333D2A5}.Debug|Any CPU.ActiveCfg = Debug|Any CPU
		{F2EA019F-20BF-473C-96BD-6E534333D2A5}.Debug|Any CPU.Build.0 = Debug|Any CPU
		{F2EA019F-20BF-473C-96BD-6E534333D2A5}.Release|Any CPU.ActiveCfg = Release|Any CPU
		{F2EA019F-20BF-473C-96BD-6E534333D2A5}.Release|Any CPU.Build.0 = Release|Any CPU
		{34347346-575F-4F1D-A315-8A37C10D8775}.Debug|Any CPU.ActiveCfg = Debug|Any CPU
		{34347346-575F-4F1D-A315-8A37C10D8775}.Debug|Any CPU.Build.0 = Debug|Any CPU
		{34347346-575F-4F1D-A315-8A37C10D8775}.Release|Any CPU.ActiveCfg = Release|Any CPU
		{34347346-575F-4F1D-A315-8A37C10D8775}.Release|Any CPU.Build.0 = Release|Any CPU
		{B2AD6680-F522-43B0-9D54-29B0328DA5E0}.Debug|Any CPU.ActiveCfg = Debug|Any CPU
		{B2AD6680-F522-43B0-9D54-29B0328DA5E0}.Debug|Any CPU.Build.0 = Debug|Any CPU
		{B2AD6680-F522-43B0-9D54-29B0328DA5E0}.Release|Any CPU.ActiveCfg = Release|Any CPU
		{B2AD6680-F522-43B0-9D54-29B0328DA5E0}.Release|Any CPU.Build.0 = Release|Any CPU
	EndGlobalSection
	GlobalSection(SolutionProperties) = preSolution
		HideSolutionNode = FALSE
	EndGlobalSection
	GlobalSection(ExtensibilityGlobals) = postSolution
		SolutionGuid = {99D14277-2573-4CCC-8C50-84D969782B49}
	EndGlobalSection
EndGlobal
